
Microsoft Visual Studio Solution File, Format Version 12.00
# Visual Studio Version 17
VisualStudioVersion = 17.6.33829.357
MinimumVisualStudioVersion = 10.0.40219.1
Project("{9A19103F-16F7-4668-BE54-9A1E7A4F7556}") = "TAG.Networking.Agent", "..\sdk\src\TAG.Networking.Agent\TAG.Networking.Agent.csproj", "{AAE6739B-4693-45F3-8D49-921870599098}"
EndProject
Project("{9A19103F-16F7-4668-BE54-9A1E7A4F7556}") = "ApiUsageExample", "ApiUsageExample\ApiUsageExample.csproj", "{B125055D-BA18-460B-A15C-F7DAF3FE0EF1}"
EndProject
Project("{9A19103F-16F7-4668-BE54-9A1E7A4F7556}") = "AccountExample", "AccountExample\AccountExample.csproj", "{D605C937-633D-4DB9-B594-5C82B6D16FDE}"
EndProject
Project("{FAE04EC0-301F-11D3-BF4B-00C04F79EFBC}") = "LegalExample", "LegalExample\LegalExample.csproj", "{CAFC999B-95EA-41C2-A403-A01107659C6C}"
EndProject
Global
	GlobalSection(SolutionConfigurationPlatforms) = preSolution
		Debug|Any CPU = Debug|Any CPU
		Release|Any CPU = Release|Any CPU
	EndGlobalSection
	GlobalSection(ProjectConfigurationPlatforms) = postSolution
		{AAE6739B-4693-45F3-8D49-921870599098}.Debug|Any CPU.ActiveCfg = Debug|Any CPU
		{AAE6739B-4693-45F3-8D49-921870599098}.Debug|Any CPU.Build.0 = Debug|Any CPU
		{AAE6739B-4693-45F3-8D49-921870599098}.Release|Any CPU.ActiveCfg = Release|Any CPU
		{AAE6739B-4693-45F3-8D49-921870599098}.Release|Any CPU.Build.0 = Release|Any CPU
		{B125055D-BA18-460B-A15C-F7DAF3FE0EF1}.Debug|Any CPU.ActiveCfg = Debug|Any CPU
		{B125055D-BA18-460B-A15C-F7DAF3FE0EF1}.Debug|Any CPU.Build.0 = Debug|Any CPU
		{B125055D-BA18-460B-A15C-F7DAF3FE0EF1}.Release|Any CPU.ActiveCfg = Release|Any CPU
		{B125055D-BA18-460B-A15C-F7DAF3FE0EF1}.Release|Any CPU.Build.0 = Release|Any CPU
		{D605C937-633D-4DB9-B594-5C82B6D16FDE}.Debug|Any CPU.ActiveCfg = Debug|Any CPU
		{D605C937-633D-4DB9-B594-5C82B6D16FDE}.Debug|Any CPU.Build.0 = Debug|Any CPU
		{D605C937-633D-4DB9-B594-5C82B6D16FDE}.Release|Any CPU.ActiveCfg = Release|Any CPU
		{D605C937-633D-4DB9-B594-5C82B6D16FDE}.Release|Any CPU.Build.0 = Release|Any CPU
		{CAFC999B-95EA-41C2-A403-A01107659C6C}.Debug|Any CPU.ActiveCfg = Debug|Any CPU
		{CAFC999B-95EA-41C2-A403-A01107659C6C}.Debug|Any CPU.Build.0 = Debug|Any CPU
		{CAFC999B-95EA-41C2-A403-A01107659C6C}.Release|Any CPU.ActiveCfg = Release|Any CPU
		{CAFC999B-95EA-41C2-A403-A01107659C6C}.Release|Any CPU.Build.0 = Release|Any CPU
	EndGlobalSection
	GlobalSection(SolutionProperties) = preSolution
		HideSolutionNode = FALSE
	EndGlobalSection
	GlobalSection(ExtensibilityGlobals) = postSolution
		SolutionGuid = {58C809DC-C6A5-42E0-B8F2-DD34301F471A}
	EndGlobalSection
EndGlobal
