
Microsoft Visual Studio Solution File, Format Version 12.00
# Visual Studio Version 17
VisualStudioVersion = 17.6.33829.357
MinimumVisualStudioVersion = 10.0.40219.1
Project("{9A19103F-16F7-4668-BE54-9A1E7A4F7556}") = "ApiUsageExample", "ApiUsageExample\ApiUsageExample.csproj", "{B125055D-BA18-460B-A15C-F7DAF3FE0EF1}"
EndProject
Project("{9A19103F-16F7-4668-BE54-9A1E7A4F7556}") = "AccountExample", "AccountExample\AccountExample.csproj", "{D605C937-633D-4DB9-B594-5C82B6D16FDE}"
EndProject
Project("{9A19103F-16F7-4668-BE54-9A1E7A4F7556}") = "AuthenticationExample", "AuthenticationExample\AuthenticationExample.csproj", "{2405A39D-5DA1-431C-80FC-6BF5D5CD8E6B}"
EndProject
Project("{9A19103F-16F7-4668-BE54-9A1E7A4F7556}") = "WalletExample", "WalletExample\WalletExample.csproj", "{3336D731-5701-4999-ABE7-ED93B7A75FE5}"
EndProject
Project("{9A19103F-16F7-4668-BE54-9A1E7A4F7556}") = "Neuron.Agent", "..\sdk\src\Neuron.Agent\Neuron.Agent.csproj", "{4FB4BDB0-8B32-427A-B3EE-A6AD2CD1ED27}"
EndProject
Global
	GlobalSection(SolutionConfigurationPlatforms) = preSolution
		Debug|Any CPU = Debug|Any CPU
		Release|Any CPU = Release|Any CPU
	EndGlobalSection
	GlobalSection(ProjectConfigurationPlatforms) = postSolution
		{B125055D-BA18-460B-A15C-F7DAF3FE0EF1}.Debug|Any CPU.ActiveCfg = Debug|Any CPU
		{B125055D-BA18-460B-A15C-F7DAF3FE0EF1}.Debug|Any CPU.Build.0 = Debug|Any CPU
		{B125055D-BA18-460B-A15C-F7DAF3FE0EF1}.Release|Any CPU.ActiveCfg = Release|Any CPU
		{B125055D-BA18-460B-A15C-F7DAF3FE0EF1}.Release|Any CPU.Build.0 = Release|Any CPU
		{D605C937-633D-4DB9-B594-5C82B6D16FDE}.Debug|Any CPU.ActiveCfg = Debug|Any CPU
		{D605C937-633D-4DB9-B594-5C82B6D16FDE}.Debug|Any CPU.Build.0 = Debug|Any CPU
		{D605C937-633D-4DB9-B594-5C82B6D16FDE}.Release|Any CPU.ActiveCfg = Release|Any CPU
		{D605C937-633D-4DB9-B594-5C82B6D16FDE}.Release|Any CPU.Build.0 = Release|Any CPU
		{2405A39D-5DA1-431C-80FC-6BF5D5CD8E6B}.Debug|Any CPU.ActiveCfg = Debug|Any CPU
		{2405A39D-5DA1-431C-80FC-6BF5D5CD8E6B}.Debug|Any CPU.Build.0 = Debug|Any CPU
		{2405A39D-5DA1-431C-80FC-6BF5D5CD8E6B}.Release|Any CPU.ActiveCfg = Release|Any CPU
		{2405A39D-5DA1-431C-80FC-6BF5D5CD8E6B}.Release|Any CPU.Build.0 = Release|Any CPU
		{3336D731-5701-4999-ABE7-ED93B7A75FE5}.Debug|Any CPU.ActiveCfg = Debug|Any CPU
		{3336D731-5701-4999-ABE7-ED93B7A75FE5}.Debug|Any CPU.Build.0 = Debug|Any CPU
		{3336D731-5701-4999-ABE7-ED93B7A75FE5}.Release|Any CPU.ActiveCfg = Release|Any CPU
		{3336D731-5701-4999-ABE7-ED93B7A75FE5}.Release|Any CPU.Build.0 = Release|Any CPU
		{4FB4BDB0-8B32-427A-B3EE-A6AD2CD1ED27}.Debug|Any CPU.ActiveCfg = Debug|Any CPU
		{4FB4BDB0-8B32-427A-B3EE-A6AD2CD1ED27}.Debug|Any CPU.Build.0 = Debug|Any CPU
		{4FB4BDB0-8B32-427A-B3EE-A6AD2CD1ED27}.Release|Any CPU.ActiveCfg = Release|Any CPU
		{4FB4BDB0-8B32-427A-B3EE-A6AD2CD1ED27}.Release|Any CPU.Build.0 = Release|Any CPU
	EndGlobalSection
	GlobalSection(SolutionProperties) = preSolution
		HideSolutionNode = FALSE
	EndGlobalSection
	GlobalSection(ExtensibilityGlobals) = postSolution
		SolutionGuid = {58C809DC-C6A5-42E0-B8F2-DD34301F471A}
	EndGlobalSection
EndGlobal
