
Microsoft Visual Studio Solution File, Format Version 12.00
# Visual Studio Version 17
VisualStudioVersion = 17.6.33829.357
MinimumVisualStudioVersion = 10.0.40219.1
Project("{FAE04EC0-301F-11D3-BF4B-00C04F79EFBC}") = "GetLegalIdentitiesForAccount", "GetLegalIdentitiesForAccount.csproj", "{DC864737-A692-4DE6-A701-083449C18BB6}"
EndProject
Global
	GlobalSection(SolutionConfigurationPlatforms) = preSolution
		Debug|Any CPU = Debug|Any CPU
		Release|Any CPU = Release|Any CPU
	EndGlobalSection
	GlobalSection(ProjectConfigurationPlatforms) = postSolution
		{DC864737-A692-4DE6-A701-083449C18BB6}.Debug|Any CPU.ActiveCfg = Debug|Any CPU
		{DC864737-A692-4DE6-A701-083449C18BB6}.Debug|Any CPU.Build.0 = Debug|Any CPU
		{DC864737-A692-4DE6-A701-083449C18BB6}.Release|Any CPU.ActiveCfg = Release|Any CPU
		{DC864737-A692-4DE6-A701-083449C18BB6}.Release|Any CPU.Build.0 = Release|Any CPU
	EndGlobalSection
	GlobalSection(SolutionProperties) = preSolution
		HideSolutionNode = FALSE
	EndGlobalSection
	GlobalSection(ExtensibilityGlobals) = postSolution
		SolutionGuid = {36C65825-73D1-4A79-8794-263D99A6C684}
	EndGlobalSection
EndGlobal
